
Microsoft Visual Studio Solution File, Format Version 12.00
# Visual Studio Version 16
VisualStudioVersion = 16.0.30204.135
MinimumVisualStudioVersion = 10.0.40219.1
Project("{8BC9CEB8-8B4A-11D0-8D11-00A0C91BC942}") = "1126", "1126\1126.vcxproj", "{FB629A0E-5EFC-4780-B1E9-14AABCBB7E66}"
EndProject
Global
	GlobalSection(SolutionConfigurationPlatforms) = preSolution
		Debug|x64 = Debug|x64
		Debug|x86 = Debug|x86
		Release|x64 = Release|x64
		Release|x86 = Release|x86
	EndGlobalSection
	GlobalSection(ProjectConfigurationPlatforms) = postSolution
		{FB629A0E-5EFC-4780-B1E9-14AABCBB7E66}.Debug|x64.ActiveCfg = Debug|x64
		{FB629A0E-5EFC-4780-B1E9-14AABCBB7E66}.Debug|x64.Build.0 = Debug|x64
		{FB629A0E-5EFC-4780-B1E9-14AABCBB7E66}.Debug|x86.ActiveCfg = Debug|Win32
		{FB629A0E-5EFC-4780-B1E9-14AABCBB7E66}.Debug|x86.Build.0 = Debug|Win32
		{FB629A0E-5EFC-4780-B1E9-14AABCBB7E66}.Release|x64.ActiveCfg = Release|x64
		{FB629A0E-5EFC-4780-B1E9-14AABCBB7E66}.Release|x64.Build.0 = Release|x64
		{FB629A0E-5EFC-4780-B1E9-14AABCBB7E66}.Release|x86.ActiveCfg = Release|Win32
		{FB629A0E-5EFC-4780-B1E9-14AABCBB7E66}.Release|x86.Build.0 = Release|Win32
	EndGlobalSection
	GlobalSection(SolutionProperties) = preSolution
		HideSolutionNode = FALSE
	EndGlobalSection
	GlobalSection(ExtensibilityGlobals) = postSolution
		SolutionGuid = {D2B345B2-0523-4BA6-87DF-3A7005200B47}
	EndGlobalSection
EndGlobal
